{
  "name": "@bloxbean/mesmo",
  "version": "0.1.0-pre2-ci1",
  "lockfileVersion": 3,
  "requires": true,
  "packages": {
    "": {
      "name": "@bloxbean/mesmo",
      "version": "0.1.0-pre2-ci1",
      "license": "MIT",
      "dependencies": {
        "@bloxbean/mesmo": "^0.1.0-pre3",
        "yaml": "^2.3.0"
      },
      "engines": {
        "bun": ">=1.0.0"
      }
    },
    "node_modules/@bloxbean/mesmo": {
      "version": "0.1.0-pre3",
      "resolved": "https://registry.npmjs.org/@bloxbean/mesmo/-/mesmo-0.1.0-pre3.tgz",
      "integrity": "sha512-nlnc5Rpv9YYXuypmR3jlF4EbZvgmyPAeCNIIBiR5imuE6f0zmSyZDqW2qgDBw6FQqJo2HgqtLADKd2AP4Lw6dA==",
      "license": "MIT",
      "dependencies": {
        "yaml": "^2.3.0"
      },
      "engines": {
        "bun": ">=1.0.0"
      },
      "optionalDependencies": {
        "@bloxbean/mesmo-linux-aarch64": "0.1.0-pre3",
        "@bloxbean/mesmo-linux-x86_64": "0.1.0-pre3",
        "@bloxbean/mesmo-macos-aarch64": "0.1.0-pre3",
        "@bloxbean/mesmo-windows-x86_64": "0.1.0-pre3"
      }
    },
    "node_modules/@bloxbean/mesmo-linux-aarch64": {
      "version": "0.1.0-pre3",
      "resolved": "https://registry.npmjs.org/@bloxbean/mesmo-linux-aarch64/-/mesmo-linux-aarch64-0.1.0-pre3.tgz",
      "integrity": "sha512-DDFCKq2RLadbiCup2LgdpdHwXjA9Ndoztw0kGUFn0jMmCDEVP5+YGCMj2A941EiXytNKfLDr/vYUKGSlvT9KhA==",
      "cpu": [
        "arm64"
      ],
      "license": "MIT",
      "optional": true,
      "os": [
        "linux"
      ]
    },
    "node_modules/@bloxbean/mesmo-linux-x86_64": {
      "version": "0.1.0-pre3",
      "resolved": "https://registry.npmjs.org/@bloxbean/mesmo-linux-x86_64/-/mesmo-linux-x86_64-0.1.0-pre3.tgz",
      "integrity": "sha512-bv+R5kNBH9SWS6Hx6vWRL0Aa7kkvG80lznj98e0yoQuDTZ0iY1nDeUFGZOvKx8PYIO3xH432Acf1B5r0eGRLZQ==",
      "cpu": [
        "x64"
      ],
      "license": "MIT",
      "optional": true,
      "os": [
        "linux"
      ]
    },
    "node_modules/@bloxbean/mesmo-macos-aarch64": {
      "version": "0.1.0-pre3",
      "resolved": "https://registry.npmjs.org/@bloxbean/mesmo-macos-aarch64/-/mesmo-macos-aarch64-0.1.0-pre3.tgz",
      "integrity": "sha512-MgrfVMrH3SrW9PePbgUxNKjxBd49Fz8YLdJj8vyU7K3o5y32IbLOx6iUCcQl2aGJts5/M8dNDLPF3nSPNtSESA==",
      "cpu": [
        "arm64"
      ],
      "license": "MIT",
      "optional": true,
      "os": [
        "darwin"
      ]
    },
    "node_modules/@bloxbean/mesmo-windows-x86_64": {
      "version": "0.1.0-pre3",
      "resolved": "https://registry.npmjs.org/@bloxbean/mesmo-windows-x86_64/-/mesmo-windows-x86_64-0.1.0-pre3.tgz",
      "integrity": "sha512-EpLATI2NDgT7/ySSHez8YCC/PYY8Si+Hz1nUYAel5HfvGcImxe4jLK/PBrvx3ehKd1QIz37RPW0afvJjB7TAlw==",
      "cpu": [
        "x64"
      ],
      "license": "MIT",
      "optional": true,
      "os": [
        "win32"
      ]
    },
    "node_modules/yaml": {
      "version": "2.9.0",
      "license": "ISC",
      "bin": {
        "yaml": "bin.mjs"
      },
      "engines": {
        "node": ">= 14.6"
      },
      "funding": {
        "url": "https://github.com/sponsors/eemeli"
      }
    }
  }
}
